// !$*UTF8*$!
{
	archiveVersion = 1;
	classes = {
	};
	objectVersion = 46;
	objects = {

/* Begin PBXBuildFile section */
		716CDE8319C013A500D95C7D /* ScoreViewController.swift in Sources */ = {isa = PBXBuildFile; fileRef = 716CDE8219C013A500D95C7D /* ScoreViewController.swift */; };
		7171857419981EC000C2D431 /* AppDelegate.swift in Sources */ = {isa = PBXBuildFile; fileRef = 7171857319981EC000C2D431 /* AppDelegate.swift */; };
		7171857619981EC000C2D431 /* Images.xcassets in Resources */ = {isa = PBXBuildFile; fileRef = 7171857519981EC000C2D431 /* Images.xcassets */; };
		7171858219981EC000C2D431 /* Score_Keeper_SwiftTests.swift in Sources */ = {isa = PBXBuildFile; fileRef = 7171858119981EC000C2D431 /* Score_Keeper_SwiftTests.swift */; };
/* End PBXBuildFile section */

/* Begin PBXContainerItemProxy section */
		7171857C19981EC000C2D431 /* PBXContainerItemProxy */ = {
			isa = PBXContainerItemProxy;
			containerPortal = 7171856619981EC000C2D431 /* Project object */;
			proxyType = 1;
			remoteGlobalIDString = 7171856D19981EC000C2D431;
			remoteInfo = "Score-Keeper-Swift";
		};
/* End PBXContainerItemProxy section */

/* Begin PBXFileReference section */
		716CDE8219C013A500D95C7D /* ScoreViewController.swift */ = {isa = PBXFileReference; fileEncoding = 4; lastKnownFileType = sourcecode.swift; path = ScoreViewController.swift; sourceTree = "<group>"; };
		7171856E19981EC000C2D431 /* Score-Keeper-Swift.app */ = {isa = PBXFileReference; explicitFileType = wrapper.application; includeInIndex = 0; path = "Score-Keeper-Swift.app"; sourceTree = BUILT_PRODUCTS_DIR; };
		7171857219981EC000C2D431 /* Info.plist */ = {isa = PBXFileReference; lastKnownFileType = text.plist.xml; path = Info.plist; sourceTree = "<group>"; };
		7171857319981EC000C2D431 /* AppDelegate.swift */ = {isa = PBXFileReference; lastKnownFileType = sourcecode.swift; path = AppDelegate.swift; sourceTree = "<group>"; };
		7171857519981EC000C2D431 /* Images.xcassets */ = {isa = PBXFileReference; lastKnownFileType = folder.assetcatalog; path = Images.xcassets; sourceTree = "<group>"; };
		7171857B19981EC000C2D431 /* Score-Keeper-SwiftTests.xctest */ = {isa = PBXFileReference; explicitFileType = wrapper.cfbundle; includeInIndex = 0; path = "Score-Keeper-SwiftTests.xctest"; sourceTree = BUILT_PRODUCTS_DIR; };
		7171858019981EC000C2D431 /* Info.plist */ = {isa = PBXFileReference; lastKnownFileType = text.plist.xml; path = Info.plist; sourceTree = "<group>"; };
		7171858119981EC000C2D431 /* Score_Keeper_SwiftTests.swift */ = {isa = PBXFileReference; lastKnownFileType = sourcecode.swift; path = Score_Keeper_SwiftTests.swift; sourceTree = "<group>"; };
/* End PBXFileReference section */

/* Begin PBXFrameworksBuildPhase section */
		7171856B19981EC000C2D431 /* Frameworks */ = {
			isa = PBXFrameworksBuildPhase;
			buildActionMask = 2147483647;
			files = (
			);
			runOnlyForDeploymentPostprocessing = 0;
		};
		7171857819981EC000C2D431 /* Frameworks */ = {
			isa = PBXFrameworksBuildPhase;
			buildActionMask = 2147483647;
			files = (
			);
			runOnlyForDeploymentPostprocessing = 0;
		};
/* End PBXFrameworksBuildPhase section */

/* Begin PBXGroup section */
		7171856519981EC000C2D431 = {
			isa = PBXGroup;
			children = (
				7171857019981EC000C2D431 /* Score-Keeper-Swift */,
				7171857E19981EC000C2D431 /* Score-Keeper-SwiftTests */,
				7171856F19981EC000C2D431 /* Products */,
			);
			sourceTree = "<group>";
		};
		7171856F19981EC000C2D431 /* Products */ = {
			isa = PBXGroup;
			children = (
				7171856E19981EC000C2D431 /* Score-Keeper-Swift.app */,
				7171857B19981EC000C2D431 /* Score-Keeper-SwiftTests.xctest */,
			);
			name = Products;
			sourceTree = "<group>";
		};
		7171857019981EC000C2D431 /* Score-Keeper-Swift */ = {
			isa = PBXGroup;
			children = (
				7171857319981EC000C2D431 /* AppDelegate.swift */,
				716CDE8219C013A500D95C7D /* ScoreViewController.swift */,
				7171857519981EC000C2D431 /* Images.xcassets */,
				7171857119981EC000C2D431 /* Supporting Files */,
			);
			path = "Score-Keeper-Swift";
			sourceTree = "<group>";
		};
		7171857119981EC000C2D431 /* Supporting Files */ = {
			isa = PBXGroup;
			children = (
				7171857219981EC000C2D431 /* Info.plist */,
			);
			name = "Supporting Files";
			sourceTree = "<group>";
		};
		7171857E19981EC000C2D431 /* Score-Keeper-SwiftTests */ = {
			isa = PBXGroup;
			children = (
				7171858119981EC000C2D431 /* Score_Keeper_SwiftTests.swift */,
				7171857F19981EC000C2D431 /* Supporting Files */,
			);
			path = "Score-Keeper-SwiftTests";
			sourceTree = "<group>";
		};
		7171857F19981EC000C2D431 /* Supporting Files */ = {
			isa = PBXGroup;
			children = (
				7171858019981EC000C2D431 /* Info.plist */,
			);
			name = "Supporting Files";
			sourceTree = "<group>";
		};
/* End PBXGroup section */

/* Begin PBXNativeTarget section */
		7171856D19981EC000C2D431 /* Score-Keeper-Swift */ = {
			isa = PBXNativeTarget;
			buildConfigurationList = 7171858519981EC000C2D431 /* Build configuration list for PBXNativeTarget "Score-Keeper-Swift" */;
			buildPhases = (
				7171856A19981EC000C2D431 /* Sources */,
				7171856B19981EC000C2D431 /* Frameworks */,
				7171856C19981EC000C2D431 /* Resources */,
			);
			buildRules = (
			);
			dependencies = (
			);
			name = "Score-Keeper-Swift";
			productName = "Score-Keeper-Swift";
			productReference = 7171856E19981EC000C2D431 /* Score-Keeper-Swift.app */;
			productType = "com.apple.product-type.application";
		};
		7171857A19981EC000C2D431 /* Score-Keeper-SwiftTests */ = {
			isa = PBXNativeTarget;
			buildConfigurationList = 7171858819981EC000C2D431 /* Build configuration list for PBXNativeTarget "Score-Keeper-SwiftTests" */;
			buildPhases = (
				7171857719981EC000C2D431 /* Sources */,
				7171857819981EC000C2D431 /* Frameworks */,
				7171857919981EC000C2D431 /* Resources */,
			);
			buildRules = (
			);
			dependencies = (
				7171857D19981EC000C2D431 /* PBXTargetDependency */,
			);
			name = "Score-Keeper-SwiftTests";
			productName = "Score-Keeper-SwiftTests";
			productReference = 7171857B19981EC000C2D431 /* Score-Keeper-SwiftTests.xctest */;
			productType = "com.apple.product-type.bundle.unit-test";
		};
/* End PBXNativeTarget section */

/* Begin PBXProject section */
		7171856619981EC000C2D431 /* Project object */ = {
			isa = PBXProject;
			attributes = {
				LastUpgradeCheck = 0600;
				ORGANIZATIONNAME = DevMountain;
				TargetAttributes = {
					7171856D19981EC000C2D431 = {
						CreatedOnToolsVersion = 6.0;
					};
					7171857A19981EC000C2D431 = {
						CreatedOnToolsVersion = 6.0;
						TestTargetID = 7171856D19981EC000C2D431;
					};
				};
			};
			buildConfigurationList = 7171856919981EC000C2D431 /* Build configuration list for PBXProject "Score-Keeper-Swift" */;
			compatibilityVersion = "Xcode 3.2";
			developmentRegion = English;
			hasScannedForEncodings = 0;
			knownRegions = (
				en,
			);
			mainGroup = 7171856519981EC000C2D431;
			productRefGroup = 7171856F19981EC000C2D431 /* Products */;
			projectDirPath = "";
			projectRoot = "";
			targets = (
				7171856D19981EC000C2D431 /* Score-Keeper-Swift */,
				7171857A19981EC000C2D431 /* Score-Keeper-SwiftTests */,
			);
		};
/* End PBXProject section */

/* Begin PBXResourcesBuildPhase section */
		7171856C19981EC000C2D431 /* Resources */ = {
			isa = PBXResourcesBuildPhase;
			buildActionMask = 2147483647;
			files = (
				7171857619981EC000C2D431 /* Images.xcassets in Resources */,
			);
			runOnlyForDeploymentPostprocessing = 0;
		};
		7171857919981EC000C2D431 /* Resources */ = {
			isa = PBXResourcesBuildPhase;
			buildActionMask = 2147483647;
			files = (
			);
			runOnlyForDeploymentPostprocessing = 0;
		};
/* End PBXResourcesBuildPhase section */

/* Begin PBXSourcesBuildPhase section */
		7171856A19981EC000C2D431 /* Sources */ = {
			isa = PBXSourcesBuildPhase;
			buildActionMask = 2147483647;
			files = (
				716CDE8319C013A500D95C7D /* ScoreViewController.swift in Sources */,
				7171857419981EC000C2D431 /* AppDelegate.swift in Sources */,
			);
			runOnlyForDeploymentPostprocessing = 0;
		};
		7171857719981EC000C2D431 /* Sources */ = {
			isa = PBXSourcesBuildPhase;
			buildActionMask = 2147483647;
			files = (
				7171858219981EC000C2D431 /* Score_Keeper_SwiftTests.swift in Sources */,
			);
			runOnlyForDeploymentPostprocessing = 0;
		};
/* End PBXSourcesBuildPhase section */

/* Begin PBXTargetDependency section */
		7171857D19981EC000C2D431 /* PBXTargetDependency */ = {
			isa = PBXTargetDependency;
			target = 7171856D19981EC000C2D431 /* Score-Keeper-Swift */;
			targetProxy = 7171857C19981EC000C2D431 /* PBXContainerItemProxy */;
		};
/* End PBXTargetDependency section */

/* Begin XCBuildConfiguration section */
		7171858319981EC000C2D431 /* Debug */ = {
			isa = XCBuildConfiguration;
			buildSettings = {
				ALWAYS_SEARCH_USER_PATHS = NO;
				CLANG_CXX_LANGUAGE_STANDARD = "gnu++0x";
				CLANG_CXX_LIBRARY = "libc++";
				CLANG_ENABLE_MODULES = YES;
				CLANG_ENABLE_OBJC_ARC = YES;
				CLANG_WARN_BOOL_CONVERSION = YES;
				CLANG_WARN_CONSTANT_CONVERSION = YES;
				CLANG_WARN_DIRECT_OBJC_ISA_USAGE = YES_ERROR;
				CLANG_WARN_EMPTY_BODY = YES;
				CLANG_WARN_ENUM_CONVERSION = YES;
				CLANG_WARN_INT_CONVERSION = YES;
				CLANG_WARN_OBJC_ROOT_CLASS = YES_ERROR;
				CLANG_WARN_UNREACHABLE_CODE = YES;
				CLANG_WARN__DUPLICATE_METHOD_MATCH = YES;
				"CODE_SIGN_IDENTITY[sdk=iphoneos*]" = "iPhone Developer";
				COPY_PHASE_STRIP = NO;
				ENABLE_STRICT_OBJC_MSGSEND = YES;
				GCC_C_LANGUAGE_STANDARD = gnu99;
				GCC_DYNAMIC_NO_PIC = NO;
				GCC_OPTIMIZATION_LEVEL = 0;
				GCC_PREPROCESSOR_DEFINITIONS = (
					"DEBUG=1",
					"$(inherited)",
				);
				GCC_SYMBOLS_PRIVATE_EXTERN = NO;
				GCC_WARN_64_TO_32_BIT_CONVERSION = YES;
				GCC_WARN_ABOUT_RETURN_TYPE = YES_ERROR;
				GCC_WARN_UNDECLARED_SELECTOR = YES;
				GCC_WARN_UNINITIALIZED_AUTOS = YES_AGGRESSIVE;
				GCC_WARN_UNUSED_FUNCTION = YES;
				GCC_WARN_UNUSED_VARIABLE = YES;
				IPHONEOS_DEPLOYMENT_TARGET = 8.0;
				MTL_ENABLE_DEBUG_INFO = YES;
				ONLY_ACTIVE_ARCH = YES;
				SDKROOT = iphoneos;
				SWIFT_OPTIMIZATION_LEVEL = "-Onone";
			};
			name = Debug;
		};
		7171858419981EC000C2D431 /* Release */ = {
			isa = XCBuildConfiguration;
			buildSettings = {
				ALWAYS_SEARCH_USER_PATHS = NO;
				CLANG_CXX_LANGUAGE_STANDARD = "gnu++0x";
				CLANG_CXX_LIBRARY = "libc++";
				CLANG_ENABLE_MODULES = YES;
				CLANG_ENABLE_OBJC_ARC = YES;
				CLANG_WARN_BOOL_CONVERSION = YES;
				CLANG_WARN_CONSTANT_CONVERSION = YES;
				CLANG_WARN_DIRECT_OBJC_ISA_USAGE = YES_ERROR;
				CLANG_WARN_EMPTY_BODY = YES;
				CLANG_WARN_ENUM_CONVERSION = YES;
				CLANG_WARN_INT_CONVERSION = YES;
				CLANG_WARN_OBJC_ROOT_CLASS = YES_ERROR;
				CLANG_WARN_UNREACHABLE_CODE = YES;
				CLANG_WARN__DUPLICATE_METHOD_MATCH = YES;
				"CODE_SIGN_IDENTITY[sdk=iphoneos*]" = "iPhone Developer";
				COPY_PHASE_STRIP = YES;
				ENABLE_NS_ASSERTIONS = NO;
				ENABLE_STRICT_OBJC_MSGSEND = YES;
				GCC_C_LANGUAGE_STANDARD = gnu99;
				GCC_WARN_64_TO_32_BIT_CONVERSION = YES;
				GCC_WARN_ABOUT_RETURN_TYPE = YES_ERROR;
				GCC_WARN_UNDECLARED_SELECTOR = YES;
				GCC_WARN_UNINITIALIZED_AUTOS = YES_AGGRESSIVE;
				GCC_WARN_UNUSED_FUNCTION = YES;
				GCC_WARN_UNUSED_VARIABLE = YES;
				IPHONEOS_DEPLOYMENT_TARGET = 8.0;
				MTL_ENABLE_DEBUG_INFO = NO;
				SDKROOT = iphoneos;
				VALIDATE_PRODUCT = YES;
			};
			name = Release;
		};
		7171858619981EC000C2D431 /* Debug */ = {
			isa = XCBuildConfiguration;
			buildSettings = {
				ASSETCATALOG_COMPILER_APPICON_NAME = AppIcon;
				ASSETCATALOG_COMPILER_LAUNCHIMAGE_NAME = LaunchImage;
				INFOPLIST_FILE = "Score-Keeper-Swift/Info.plist";
				LD_RUNPATH_SEARCH_PATHS = "$(inherited) @executable_path/Frameworks";
				PRODUCT_NAME = "$(TARGET_NAME)";
			};
			name = Debug;
		};
		7171858719981EC000C2D431 /* Release */ = {
			isa = XCBuildConfiguration;
			buildSettings = {
				ASSETCATALOG_COMPILER_APPICON_NAME = AppIcon;
				ASSETCATALOG_COMPILER_LAUNCHIMAGE_NAME = LaunchImage;
				INFOPLIST_FILE = "Score-Keeper-Swift/Info.plist";
				LD_RUNPATH_SEARCH_PATHS = "$(inherited) @executable_path/Frameworks";
				PRODUCT_NAME = "$(TARGET_NAME)";
			};
			name = Release;
		};
		7171858919981EC000C2D431 /* Debug */ = {
			isa = XCBuildConfiguration;
			buildSettings = {
				BUNDLE_LOADER = "$(TEST_HOST)";
				FRAMEWORK_SEARCH_PATHS = (
					"$(SDKROOT)/Developer/Library/Frameworks",
					"$(inherited)",
				);
				GCC_PREPROCESSOR_DEFINITIONS = (
					"DEBUG=1",
					"$(inherited)",
				);
				INFOPLIST_FILE = "Score-Keeper-SwiftTests/Info.plist";
				LD_RUNPATH_SEARCH_PATHS = "$(inherited) @executable_path/Frameworks @loader_path/Frameworks";
				PRODUCT_NAME = "$(TARGET_NAME)";
				TEST_HOST = "$(BUILT_PRODUCTS_DIR)/Score-Keeper-Swift.app/Score-Keeper-Swift";
			};
			name = Debug;
		};
		7171858A19981EC000C2D431 /* Release */ = {
			isa = XCBuildConfiguration;
			buildSettings = {
				BUNDLE_LOADER = "$(TEST_HOST)";
				FRAMEWORK_SEARCH_PATHS = (
					"$(SDKROOT)/Developer/Library/Frameworks",
					"$(inherited)",
				);
				INFOPLIST_FILE = "Score-Keeper-SwiftTests/Info.plist";
				LD_RUNPATH_SEARCH_PATHS = "$(inherited) @executable_path/Frameworks @loader_path/Frameworks";
				PRODUCT_NAME = "$(TARGET_NAME)";
				TEST_HOST = "$(BUILT_PRODUCTS_DIR)/Score-Keeper-Swift.app/Score-Keeper-Swift";
			};
			name = Release;
		};
/* End XCBuildConfiguration section */

/* Begin XCConfigurationList section */
		7171856919981EC000C2D431 /* Build configuration list for PBXProject "Score-Keeper-Swift" */ = {
			isa = XCConfigurationList;
			buildConfigurations = (
				7171858319981EC000C2D431 /* Debug */,
				7171858419981EC000C2D431 /* Release */,
			);
			defaultConfigurationIsVisible = 0;
			defaultConfigurationName = Release;
		};
		7171858519981EC000C2D431 /* Build configuration list for PBXNativeTarget "Score-Keeper-Swift" */ = {
			isa = XCConfigurationList;
			buildConfigurations = (
				7171858619981EC000C2D431 /* Debug */,
				7171858719981EC000C2D431 /* Release */,
			);
			defaultConfigurationIsVisible = 0;
			defaultConfigurationName = Release;
		};
		7171858819981EC000C2D431 /* Build configuration list for PBXNativeTarget "Score-Keeper-SwiftTests" */ = {
			isa = XCConfigurationList;
			buildConfigurations = (
				7171858919981EC000C2D431 /* Debug */,
				7171858A19981EC000C2D431 /* Release */,
			);
			defaultConfigurationIsVisible = 0;
			defaultConfigurationName = Release;
		};
/* End XCConfigurationList section */
	};
	rootObject = 7171856619981EC000C2D431 /* Project object */;
}
